
Microsoft Visual Studio Solution File, Format Version 12.00
Project("{FAE04EC0-301F-11D3-BF4B-00C04F79EFBC}") = "AccountAuthMicroservice", "AccountAuthMicroservice\AccountAuthMicroservice.csproj", "{0FEB3C68-E2A1-476A-9D1C-3DBB8E69B857}"
EndProject
Project("{2150E333-8FDC-42A3-9474-1A3956D46DE8}") = "Service", "Service", "{920160ED-8AED-489B-922A-6A493AAA94B5}"
	ProjectSection(SolutionItems) = preProject
		note.txt = note.txt
	EndProjectSection
EndProject
Global
	GlobalSection(SolutionConfigurationPlatforms) = preSolution
		Debug|Any CPU = Debug|Any CPU
		Release|Any CPU = Release|Any CPU
	EndGlobalSection
	GlobalSection(ProjectConfigurationPlatforms) = postSolution
		{0FEB3C68-E2A1-476A-9D1C-3DBB8E69B857}.Debug|Any CPU.ActiveCfg = Debug|Any CPU
		{0FEB3C68-E2A1-476A-9D1C-3DBB8E69B857}.Debug|Any CPU.Build.0 = Debug|Any CPU
		{0FEB3C68-E2A1-476A-9D1C-3DBB8E69B857}.Release|Any CPU.ActiveCfg = Release|Any CPU
		{0FEB3C68-E2A1-476A-9D1C-3DBB8E69B857}.Release|Any CPU.Build.0 = Release|Any CPU
	EndGlobalSection
	GlobalSection(NestedProjects) = preSolution
		{0FEB3C68-E2A1-476A-9D1C-3DBB8E69B857} = {920160ED-8AED-489B-922A-6A493AAA94B5}
	EndGlobalSection
EndGlobal
